
Microsoft Visual Studio Solution File, Format Version 12.00
# Visual Studio 14
VisualStudioVersion = 14.0.25420.1
MinimumVisualStudioVersion = 10.0.40219.1
Project("{FAE04EC0-301F-11D3-BF4B-00C04F79EFBC}") = "SyncMEControler", "DirectoryMirror\SyncMEControler.csproj", "{91D44A88-ECAF-49AB-B22D-E33B504782F1}"
EndProject
Project("{FAE04EC0-301F-11D3-BF4B-00C04F79EFBC}") = "SyncMEView", "WinDirectoryMirrorApp\SyncMEView.csproj", "{0B11BAE6-FFDE-45AA-B80C-421462967555}"
EndProject
Global
	GlobalSection(SolutionConfigurationPlatforms) = preSolution
		Debug|Any CPU = Debug|Any CPU
		Release|Any CPU = Release|Any CPU
	EndGlobalSection
	GlobalSection(ProjectConfigurationPlatforms) = postSolution
		{91D44A88-ECAF-49AB-B22D-E33B504782F1}.Debug|Any CPU.ActiveCfg = Debug|Any CPU
		{91D44A88-ECAF-49AB-B22D-E33B504782F1}.Debug|Any CPU.Build.0 = Debug|Any CPU
		{91D44A88-ECAF-49AB-B22D-E33B504782F1}.Release|Any CPU.ActiveCfg = Release|Any CPU
		{91D44A88-ECAF-49AB-B22D-E33B504782F1}.Release|Any CPU.Build.0 = Release|Any CPU
		{0B11BAE6-FFDE-45AA-B80C-421462967555}.Debug|Any CPU.ActiveCfg = Debug|Any CPU
		{0B11BAE6-FFDE-45AA-B80C-421462967555}.Debug|Any CPU.Build.0 = Debug|Any CPU
		{0B11BAE6-FFDE-45AA-B80C-421462967555}.Release|Any CPU.ActiveCfg = Release|Any CPU
		{0B11BAE6-FFDE-45AA-B80C-421462967555}.Release|Any CPU.Build.0 = Release|Any CPU
	EndGlobalSection
	GlobalSection(SolutionProperties) = preSolution
		HideSolutionNode = FALSE
	EndGlobalSection
EndGlobal
